
Microsoft Visual Studio Solution File, Format Version 12.00
# Visual Studio Version 16
VisualStudioVersion = 16.0.31019.35
MinimumVisualStudioVersion = 10.0.40219.1
Project("{FAE04EC0-301F-11D3-BF4B-00C04F79EFBC}") = "idx2dec", "idx2dec.csproj", "{A43A730B-1297-43C2-9FCF-22C80CDCF915}"
EndProject
Global
	GlobalSection(SolutionConfigurationPlatforms) = preSolution
		Debug|Any CPU = Debug|Any CPU
		Release|Any CPU = Release|Any CPU
	EndGlobalSection
	GlobalSection(ProjectConfigurationPlatforms) = postSolution
		{A43A730B-1297-43C2-9FCF-22C80CDCF915}.Debug|Any CPU.ActiveCfg = Debug|Any CPU
		{A43A730B-1297-43C2-9FCF-22C80CDCF915}.Debug|Any CPU.Build.0 = Debug|Any CPU
		{A43A730B-1297-43C2-9FCF-22C80CDCF915}.Release|Any CPU.ActiveCfg = Release|Any CPU
		{A43A730B-1297-43C2-9FCF-22C80CDCF915}.Release|Any CPU.Build.0 = Release|Any CPU
	EndGlobalSection
	GlobalSection(SolutionProperties) = preSolution
		HideSolutionNode = FALSE
	EndGlobalSection
	GlobalSection(ExtensibilityGlobals) = postSolution
		SolutionGuid = {B67D9E82-10FE-408B-B40E-E9D7DF2B17AE}
	EndGlobalSection
EndGlobal
